
Microsoft Visual Studio Solution File, Format Version 12.00
# Visual Studio Version 17
VisualStudioVersion = 17.7.34009.444
MinimumVisualStudioVersion = 10.0.40219.1
Project("{FAE04EC0-301F-11D3-BF4B-00C04F79EFBC}") = "Vidly", "Vidly.csproj", "{73A98024-D400-4C5A-9A0C-159973207AAE}"
EndProject
Global
	GlobalSection(SolutionConfigurationPlatforms) = preSolution
		Debug|Any CPU = Debug|Any CPU
		Release|Any CPU = Release|Any CPU
	EndGlobalSection
	GlobalSection(ProjectConfigurationPlatforms) = postSolution
		{73A98024-D400-4C5A-9A0C-159973207AAE}.Debug|Any CPU.ActiveCfg = Debug|Any CPU
		{73A98024-D400-4C5A-9A0C-159973207AAE}.Debug|Any CPU.Build.0 = Debug|Any CPU
		{73A98024-D400-4C5A-9A0C-159973207AAE}.Release|Any CPU.ActiveCfg = Release|Any CPU
		{73A98024-D400-4C5A-9A0C-159973207AAE}.Release|Any CPU.Build.0 = Release|Any CPU
	EndGlobalSection
	GlobalSection(SolutionProperties) = preSolution
		HideSolutionNode = FALSE
	EndGlobalSection
	GlobalSection(ExtensibilityGlobals) = postSolution
		SolutionGuid = {AE38E022-194C-41D5-8D32-CD0427A7A552}
	EndGlobalSection
EndGlobal
